
Microsoft Visual Studio Solution File, Format Version 12.00
# Visual Studio Version 17
VisualStudioVersion = 17.12.35506.116 d17.12
MinimumVisualStudioVersion = 10.0.40219.1
Project("{FAE04EC0-301F-11D3-BF4B-00C04F79EFBC}") = "ConditionalFactNotExcludedRepro", "ConditionalFactNotExcludedRepro\ConditionalFactNotExcludedRepro.csproj", "{118963A6-CCF1-4D03-969A-60B2A7769E53}"
EndProject
Project("{FAE04EC0-301F-11D3-BF4B-00C04F79EFBC}") = "JustTest", "JustTest\JustTest.csproj", "{70E34DC0-C15D-4D73-8647-06DE119FCF6D}"
EndProject
Project("{2150E333-8FDC-42A3-9474-1A3956D46DE8}") = "Solution Items", "Solution Items", "{A04C2BC7-1684-46BA-9BA2-C5C18061C127}"
	ProjectSection(SolutionItems) = preProject
		.runsettings = .runsettings
	EndProjectSection
EndProject
Global
	GlobalSection(SolutionConfigurationPlatforms) = preSolution
		Debug|Any CPU = Debug|Any CPU
		Release|Any CPU = Release|Any CPU
	EndGlobalSection
	GlobalSection(ProjectConfigurationPlatforms) = postSolution
		{118963A6-CCF1-4D03-969A-60B2A7769E53}.Debug|Any CPU.ActiveCfg = Debug|Any CPU
		{118963A6-CCF1-4D03-969A-60B2A7769E53}.Debug|Any CPU.Build.0 = Debug|Any CPU
		{118963A6-CCF1-4D03-969A-60B2A7769E53}.Release|Any CPU.ActiveCfg = Release|Any CPU
		{118963A6-CCF1-4D03-969A-60B2A7769E53}.Release|Any CPU.Build.0 = Release|Any CPU
		{70E34DC0-C15D-4D73-8647-06DE119FCF6D}.Debug|Any CPU.ActiveCfg = Debug|Any CPU
		{70E34DC0-C15D-4D73-8647-06DE119FCF6D}.Debug|Any CPU.Build.0 = Debug|Any CPU
		{70E34DC0-C15D-4D73-8647-06DE119FCF6D}.Release|Any CPU.ActiveCfg = Release|Any CPU
		{70E34DC0-C15D-4D73-8647-06DE119FCF6D}.Release|Any CPU.Build.0 = Release|Any CPU
	EndGlobalSection
	GlobalSection(SolutionProperties) = preSolution
		HideSolutionNode = FALSE
	EndGlobalSection
EndGlobal
